
Microsoft Visual Studio Solution File, Format Version 12.00
# Visual Studio 14
VisualStudioVersion = 14.0.25420.1
MinimumVisualStudioVersion = 10.0.40219.1
Project("{FAE04EC0-301F-11D3-BF4B-00C04F79EFBC}") = "LibP2P.Peer", "LibP2P.Peer\LibP2P.Peer.csproj", "{D0CF6B9E-34AD-4D5E-AEEC-F3DF6CE3ADC7}"
EndProject
Project("{FAE04EC0-301F-11D3-BF4B-00C04F79EFBC}") = "LibP2P.Peer.Tests", "LibP2P.Peer.Tests\LibP2P.Peer.Tests.csproj", "{A15C80C7-9D19-44B8-A12E-87E5CDBA5F7B}"
EndProject
Project("{2150E333-8FDC-42A3-9474-1A3956D46DE8}") = "Solution Items", "Solution Items", "{FEBB03E7-29AB-40F5-B441-173F0A439289}"
	ProjectSection(SolutionItems) = preProject
		.travis.yml = .travis.yml
		appveyor.yml = appveyor.yml
		LICENSE = LICENSE
		README.md = README.md
	EndProjectSection
EndProject
Global
	GlobalSection(SolutionConfigurationPlatforms) = preSolution
		Debug|Any CPU = Debug|Any CPU
		Release|Any CPU = Release|Any CPU
	EndGlobalSection
	GlobalSection(ProjectConfigurationPlatforms) = postSolution
		{D0CF6B9E-34AD-4D5E-AEEC-F3DF6CE3ADC7}.Debug|Any CPU.ActiveCfg = Debug|Any CPU
		{D0CF6B9E-34AD-4D5E-AEEC-F3DF6CE3ADC7}.Debug|Any CPU.Build.0 = Debug|Any CPU
		{D0CF6B9E-34AD-4D5E-AEEC-F3DF6CE3ADC7}.Release|Any CPU.ActiveCfg = Release|Any CPU
		{D0CF6B9E-34AD-4D5E-AEEC-F3DF6CE3ADC7}.Release|Any CPU.Build.0 = Release|Any CPU
		{A15C80C7-9D19-44B8-A12E-87E5CDBA5F7B}.Debug|Any CPU.ActiveCfg = Debug|Any CPU
		{A15C80C7-9D19-44B8-A12E-87E5CDBA5F7B}.Debug|Any CPU.Build.0 = Debug|Any CPU
		{A15C80C7-9D19-44B8-A12E-87E5CDBA5F7B}.Release|Any CPU.ActiveCfg = Release|Any CPU
		{A15C80C7-9D19-44B8-A12E-87E5CDBA5F7B}.Release|Any CPU.Build.0 = Release|Any CPU
	EndGlobalSection
	GlobalSection(SolutionProperties) = preSolution
		HideSolutionNode = FALSE
	EndGlobalSection
EndGlobal
